// !$*UTF8*$!
{
	archiveVersion = 1;
	classes = {
	};
	objectVersion = 46;
	objects = {

/* Begin PBXBuildFile section */
		248DC8C425EA575900249B1A /* MapView.swift in Sources */ = {isa = PBXBuildFile; fileRef = 248DC8C325EA575900249B1A /* MapView.swift */; };
		248DC8CC25EA578100249B1A /* MapStyle.swift in Sources */ = {isa = PBXBuildFile; fileRef = 248DC8CB25EA578100249B1A /* MapStyle.swift */; };
		248DC8D025EA579500249B1A /* GoogleMapStyle.swift in Sources */ = {isa = PBXBuildFile; fileRef = 248DC8CF25EA579500249B1A /* GoogleMapStyle.swift */; };
		248DC8D625EA57A700249B1A /* TileOverlay.swift in Sources */ = {isa = PBXBuildFile; fileRef = 248DC8D425EA57A700249B1A /* TileOverlay.swift */; };
		248DC8D725EA57A700249B1A /* ZoomTileOverlay.swift in Sources */ = {isa = PBXBuildFile; fileRef = 248DC8D525EA57A700249B1A /* ZoomTileOverlay.swift */; };
		OBJ_31 /* Package.swift in Sources */ = {isa = PBXBuildFile; fileRef = OBJ_6 /* Package.swift */; };
/* End PBXBuildFile section */

/* Begin PBXFileReference section */
		248DC8C325EA575900249B1A /* MapView.swift */ = {isa = PBXFileReference; fileEncoding = 4; lastKnownFileType = sourcecode.swift; name = MapView.swift; path = Sources/MapView.swift; sourceTree = "<group>"; };
		248DC8CB25EA578100249B1A /* MapStyle.swift */ = {isa = PBXFileReference; fileEncoding = 4; lastKnownFileType = sourcecode.swift; name = MapStyle.swift; path = Sources/Style/MapStyle.swift; sourceTree = "<group>"; };
		248DC8CF25EA579500249B1A /* GoogleMapStyle.swift */ = {isa = PBXFileReference; fileEncoding = 4; lastKnownFileType = sourcecode.swift; name = GoogleMapStyle.swift; path = "Sources/Style/Google Style/GoogleMapStyle.swift"; sourceTree = "<group>"; };
		248DC8D425EA57A700249B1A /* TileOverlay.swift */ = {isa = PBXFileReference; fileEncoding = 4; lastKnownFileType = sourcecode.swift; name = TileOverlay.swift; path = Sources/Elements/TileOverlay.swift; sourceTree = "<group>"; };
		248DC8D525EA57A700249B1A /* ZoomTileOverlay.swift */ = {isa = PBXFileReference; fileEncoding = 4; lastKnownFileType = sourcecode.swift; name = ZoomTileOverlay.swift; path = Sources/Elements/ZoomTileOverlay.swift; sourceTree = "<group>"; };
		"MapView::MapView::Product" /* MapView.framework */ = {isa = PBXFileReference; explicitFileType = wrapper.framework; path = MapView.framework; sourceTree = BUILT_PRODUCTS_DIR; };
		OBJ_17 /* LICENSE */ = {isa = PBXFileReference; lastKnownFileType = text; path = LICENSE; sourceTree = "<group>"; };
		OBJ_18 /* README.md */ = {isa = PBXFileReference; lastKnownFileType = net.daringfireball.markdown; path = README.md; sourceTree = "<group>"; };
		OBJ_6 /* Package.swift */ = {isa = PBXFileReference; explicitFileType = sourcecode.swift; path = Package.swift; sourceTree = "<group>"; };
/* End PBXFileReference section */

/* Begin PBXFrameworksBuildPhase section */
		OBJ_25 /* Frameworks */ = {
			isa = PBXFrameworksBuildPhase;
			buildActionMask = 0;
			files = (
			);
			runOnlyForDeploymentPostprocessing = 0;
		};
/* End PBXFrameworksBuildPhase section */

/* Begin PBXGroup section */
		240F939A252DFA99000D9E28 /* Style */ = {
			isa = PBXGroup;
			children = (
				248DC8D325EA579800249B1A /* Google */,
				248DC8CB25EA578100249B1A /* MapStyle.swift */,
			);
			name = Style;
			sourceTree = "<group>";
		};
		248DC8D325EA579800249B1A /* Google */ = {
			isa = PBXGroup;
			children = (
				248DC8CF25EA579500249B1A /* GoogleMapStyle.swift */,
			);
			name = Google;
			sourceTree = "<group>";
		};
		24AB7773257AC4A500EE07C0 /* Elements */ = {
			isa = PBXGroup;
			children = (
				248DC8D425EA57A700249B1A /* TileOverlay.swift */,
				248DC8D525EA57A700249B1A /* ZoomTileOverlay.swift */,
			);
			name = Elements;
			sourceTree = "<group>";
		};
		OBJ_14 /* Products */ = {
			isa = PBXGroup;
			children = (
				"MapView::MapView::Product" /* MapView.framework */,
			);
			name = Products;
			sourceTree = BUILT_PRODUCTS_DIR;
		};
		OBJ_5 = {
			isa = PBXGroup;
			children = (
				OBJ_6 /* Package.swift */,
				OBJ_7 /* Sources */,
				OBJ_14 /* Products */,
				OBJ_17 /* LICENSE */,
				OBJ_18 /* README.md */,
			);
			sourceTree = "<group>";
		};
		OBJ_7 /* Sources */ = {
			isa = PBXGroup;
			children = (
				248DC8C325EA575900249B1A /* MapView.swift */,
				240F939A252DFA99000D9E28 /* Style */,
				24AB7773257AC4A500EE07C0 /* Elements */,
			);
			name = Sources;
			sourceTree = SOURCE_ROOT;
		};
/* End PBXGroup section */

/* Begin PBXNativeTarget section */
		"MapView::MapView" /* MapView */ = {
			isa = PBXNativeTarget;
			buildConfigurationList = OBJ_20 /* Build configuration list for PBXNativeTarget "MapView" */;
			buildPhases = (
				OBJ_23 /* Sources */,
				OBJ_25 /* Frameworks */,
			);
			buildRules = (
			);
			dependencies = (
			);
			name = MapView;
			productName = MapView;
			productReference = "MapView::MapView::Product" /* MapView.framework */;
			productType = "com.apple.product-type.framework";
		};
		"MapView::SwiftPMPackageDescription" /* MapViewPackageDescription */ = {
			isa = PBXNativeTarget;
			buildConfigurationList = OBJ_27 /* Build configuration list for PBXNativeTarget "MapViewPackageDescription" */;
			buildPhases = (
				OBJ_30 /* Sources */,
			);
			buildRules = (
			);
			dependencies = (
			);
			name = MapViewPackageDescription;
			productName = MapViewPackageDescription;
			productType = "com.apple.product-type.framework";
		};
/* End PBXNativeTarget section */

/* Begin PBXProject section */
		OBJ_1 /* Project object */ = {
			isa = PBXProject;
			attributes = {
				LastSwiftMigration = 9999;
				LastUpgradeCheck = 9999;
				TargetAttributes = {
					"MapView::MapView" = {
						DevelopmentTeam = L5YDW69UDM;
					};
				};
			};
			buildConfigurationList = OBJ_2 /* Build configuration list for PBXProject "MapView" */;
			compatibilityVersion = "Xcode 3.2";
			developmentRegion = en;
			hasScannedForEncodings = 0;
			knownRegions = (
				en,
			);
			mainGroup = OBJ_5;
			productRefGroup = OBJ_14 /* Products */;
			projectDirPath = "";
			projectRoot = "";
			targets = (
				"MapView::MapView" /* MapView */,
				"MapView::SwiftPMPackageDescription" /* MapViewPackageDescription */,
			);
		};
/* End PBXProject section */

/* Begin PBXSourcesBuildPhase section */
		OBJ_23 /* Sources */ = {
			isa = PBXSourcesBuildPhase;
			buildActionMask = 0;
			files = (
				248DC8D725EA57A700249B1A /* ZoomTileOverlay.swift in Sources */,
				248DC8D025EA579500249B1A /* GoogleMapStyle.swift in Sources */,
				248DC8CC25EA578100249B1A /* MapStyle.swift in Sources */,
				248DC8C425EA575900249B1A /* MapView.swift in Sources */,
				248DC8D625EA57A700249B1A /* TileOverlay.swift in Sources */,
			);
			runOnlyForDeploymentPostprocessing = 0;
		};
		OBJ_30 /* Sources */ = {
			isa = PBXSourcesBuildPhase;
			buildActionMask = 0;
			files = (
				OBJ_31 /* Package.swift in Sources */,
			);
			runOnlyForDeploymentPostprocessing = 0;
		};
/* End PBXSourcesBuildPhase section */

/* Begin XCBuildConfiguration section */
		OBJ_21 /* Debug */ = {
			isa = XCBuildConfiguration;
			buildSettings = {
				CODE_SIGN_IDENTITY = "Apple Development";
				CURRENT_PROJECT_VERSION = 1;
				DEVELOPMENT_TEAM = L5YDW69UDM;
				ENABLE_TESTABILITY = YES;
				FRAMEWORK_SEARCH_PATHS = (
					"$(inherited)",
					"$(PLATFORM_DIR)/Developer/Library/Frameworks",
				);
				HEADER_SEARCH_PATHS = "$(inherited)";
				INFOPLIST_FILE = MapView.xcodeproj/MapView_Info.plist;
				IPHONEOS_DEPLOYMENT_TARGET = 10.0;
				LD_RUNPATH_SEARCH_PATHS = "$(inherited) $(TOOLCHAIN_DIR)/usr/lib/swift/macosx";
				MACOSX_DEPLOYMENT_TARGET = 10.10;
				OTHER_CFLAGS = "$(inherited)";
				OTHER_LDFLAGS = "$(inherited)";
				OTHER_SWIFT_FLAGS = "$(inherited)";
				PRODUCT_BUNDLE_IDENTIFIER = MapView;
				PRODUCT_MODULE_NAME = "$(TARGET_NAME:c99extidentifier)";
				PRODUCT_NAME = "$(TARGET_NAME:c99extidentifier)";
				SKIP_INSTALL = YES;
				SUPPORTED_PLATFORMS = "iphonesimulator iphoneos";
				SWIFT_ACTIVE_COMPILATION_CONDITIONS = "$(inherited)";
				SWIFT_VERSION = 5.0;
				TARGETED_DEVICE_FAMILY = "1,2";
				TARGET_NAME = MapView;
				TVOS_DEPLOYMENT_TARGET = 9.0;
				WATCHOS_DEPLOYMENT_TARGET = 2.0;
			};
			name = Debug;
		};
		OBJ_22 /* Release */ = {
			isa = XCBuildConfiguration;
			buildSettings = {
				CODE_SIGN_IDENTITY = "Apple Development";
				CURRENT_PROJECT_VERSION = 1;
				DEVELOPMENT_TEAM = L5YDW69UDM;
				ENABLE_TESTABILITY = YES;
				FRAMEWORK_SEARCH_PATHS = (
					"$(inherited)",
					"$(PLATFORM_DIR)/Developer/Library/Frameworks",
				);
				HEADER_SEARCH_PATHS = "$(inherited)";
				INFOPLIST_FILE = MapView.xcodeproj/MapView_Info.plist;
				IPHONEOS_DEPLOYMENT_TARGET = 10.0;
				LD_RUNPATH_SEARCH_PATHS = "$(inherited) $(TOOLCHAIN_DIR)/usr/lib/swift/macosx";
				MACOSX_DEPLOYMENT_TARGET = 10.10;
				OTHER_CFLAGS = "$(inherited)";
				OTHER_LDFLAGS = "$(inherited)";
				OTHER_SWIFT_FLAGS = "$(inherited)";
				PRODUCT_BUNDLE_IDENTIFIER = MapView;
				PRODUCT_MODULE_NAME = "$(TARGET_NAME:c99extidentifier)";
				PRODUCT_NAME = "$(TARGET_NAME:c99extidentifier)";
				SKIP_INSTALL = YES;
				SUPPORTED_PLATFORMS = "iphonesimulator iphoneos";
				SWIFT_ACTIVE_COMPILATION_CONDITIONS = "$(inherited)";
				SWIFT_VERSION = 5.0;
				TARGETED_DEVICE_FAMILY = "1,2";
				TARGET_NAME = MapView;
				TVOS_DEPLOYMENT_TARGET = 9.0;
				WATCHOS_DEPLOYMENT_TARGET = 2.0;
			};
			name = Release;
		};
		OBJ_28 /* Debug */ = {
			isa = XCBuildConfiguration;
			buildSettings = {
				LD = /usr/bin/true;
				OTHER_SWIFT_FLAGS = "-swift-version 5 -I $(TOOLCHAIN_DIR)/usr/lib/swift/pm/4_2 -target x86_64-apple-macosx10.10 -sdk /Applications/Xcode.app/Contents/Developer/Platforms/MacOSX.platform/Developer/SDKs/MacOSX10.15.sdk -package-description-version 5.2.0";
				SUPPORTED_PLATFORMS = "iphonesimulator iphoneos";
				SWIFT_VERSION = 5.0;
				TARGETED_DEVICE_FAMILY = "1,2";
			};
			name = Debug;
		};
		OBJ_29 /* Release */ = {
			isa = XCBuildConfiguration;
			buildSettings = {
				LD = /usr/bin/true;
				OTHER_SWIFT_FLAGS = "-swift-version 5 -I $(TOOLCHAIN_DIR)/usr/lib/swift/pm/4_2 -target x86_64-apple-macosx10.10 -sdk /Applications/Xcode.app/Contents/Developer/Platforms/MacOSX.platform/Developer/SDKs/MacOSX10.15.sdk -package-description-version 5.2.0";
				SUPPORTED_PLATFORMS = "iphonesimulator iphoneos";
				SWIFT_VERSION = 5.0;
				TARGETED_DEVICE_FAMILY = "1,2";
			};
			name = Release;
		};
		OBJ_3 /* Debug */ = {
			isa = XCBuildConfiguration;
			buildSettings = {
				CLANG_ENABLE_OBJC_ARC = YES;
				COMBINE_HIDPI_IMAGES = YES;
				COPY_PHASE_STRIP = NO;
				DEBUG_INFORMATION_FORMAT = dwarf;
				DYLIB_INSTALL_NAME_BASE = "@rpath";
				ENABLE_NS_ASSERTIONS = YES;
				GCC_OPTIMIZATION_LEVEL = 0;
				GCC_PREPROCESSOR_DEFINITIONS = (
					"$(inherited)",
					"SWIFT_PACKAGE=1",
					"DEBUG=1",
				);
				IPHONEOS_DEPLOYMENT_TARGET = 10.0;
				MACOSX_DEPLOYMENT_TARGET = 10.10;
				ONLY_ACTIVE_ARCH = YES;
				OTHER_SWIFT_FLAGS = "$(inherited) -DXcode";
				PRODUCT_NAME = "$(TARGET_NAME)";
				SDKROOT = iphoneos;
				SUPPORTED_PLATFORMS = "macosx iphoneos iphonesimulator appletvos appletvsimulator watchos watchsimulator";
				SWIFT_ACTIVE_COMPILATION_CONDITIONS = "$(inherited) SWIFT_PACKAGE DEBUG";
				SWIFT_OPTIMIZATION_LEVEL = "-Onone";
				USE_HEADERMAP = NO;
			};
			name = Debug;
		};
		OBJ_4 /* Release */ = {
			isa = XCBuildConfiguration;
			buildSettings = {
				CLANG_ENABLE_OBJC_ARC = YES;
				COMBINE_HIDPI_IMAGES = YES;
				COPY_PHASE_STRIP = YES;
				DEBUG_INFORMATION_FORMAT = "dwarf-with-dsym";
				DYLIB_INSTALL_NAME_BASE = "@rpath";
				GCC_OPTIMIZATION_LEVEL = s;
				GCC_PREPROCESSOR_DEFINITIONS = (
					"$(inherited)",
					"SWIFT_PACKAGE=1",
				);
				IPHONEOS_DEPLOYMENT_TARGET = 10.0;
				MACOSX_DEPLOYMENT_TARGET = 10.10;
				OTHER_SWIFT_FLAGS = "$(inherited) -DXcode";
				PRODUCT_NAME = "$(TARGET_NAME)";
				SDKROOT = iphoneos;
				SUPPORTED_PLATFORMS = "macosx iphoneos iphonesimulator appletvos appletvsimulator watchos watchsimulator";
				SWIFT_ACTIVE_COMPILATION_CONDITIONS = "$(inherited) SWIFT_PACKAGE";
				SWIFT_OPTIMIZATION_LEVEL = "-Owholemodule";
				USE_HEADERMAP = NO;
			};
			name = Release;
		};
/* End XCBuildConfiguration section */

/* Begin XCConfigurationList section */
		OBJ_2 /* Build configuration list for PBXProject "MapView" */ = {
			isa = XCConfigurationList;
			buildConfigurations = (
				OBJ_3 /* Debug */,
				OBJ_4 /* Release */,
			);
			defaultConfigurationIsVisible = 0;
			defaultConfigurationName = Release;
		};
		OBJ_20 /* Build configuration list for PBXNativeTarget "MapView" */ = {
			isa = XCConfigurationList;
			buildConfigurations = (
				OBJ_21 /* Debug */,
				OBJ_22 /* Release */,
			);
			defaultConfigurationIsVisible = 0;
			defaultConfigurationName = Release;
		};
		OBJ_27 /* Build configuration list for PBXNativeTarget "MapViewPackageDescription" */ = {
			isa = XCConfigurationList;
			buildConfigurations = (
				OBJ_28 /* Debug */,
				OBJ_29 /* Release */,
			);
			defaultConfigurationIsVisible = 0;
			defaultConfigurationName = Release;
		};
/* End XCConfigurationList section */
	};
	rootObject = OBJ_1 /* Project object */;
}
